
Microsoft Visual Studio Solution File, Format Version 12.00
# Visual Studio Version 16
VisualStudioVersion = 16.0.31727.386
MinimumVisualStudioVersion = 10.0.40219.1
Project("{FAE04EC0-301F-11D3-BF4B-00C04F79EFBC}") = "MVC_CRUD_Operations", "MVC_CRUD_Operations\MVC_CRUD_Operations.csproj", "{F1947D41-965E-4AEC-9EC1-D7E60E264BA8}"
EndProject
Global
	GlobalSection(SolutionConfigurationPlatforms) = preSolution
		Debug|Any CPU = Debug|Any CPU
		Release|Any CPU = Release|Any CPU
	EndGlobalSection
	GlobalSection(ProjectConfigurationPlatforms) = postSolution
		{F1947D41-965E-4AEC-9EC1-D7E60E264BA8}.Debug|Any CPU.ActiveCfg = Debug|Any CPU
		{F1947D41-965E-4AEC-9EC1-D7E60E264BA8}.Debug|Any CPU.Build.0 = Debug|Any CPU
		{F1947D41-965E-4AEC-9EC1-D7E60E264BA8}.Release|Any CPU.ActiveCfg = Release|Any CPU
		{F1947D41-965E-4AEC-9EC1-D7E60E264BA8}.Release|Any CPU.Build.0 = Release|Any CPU
	EndGlobalSection
	GlobalSection(SolutionProperties) = preSolution
		HideSolutionNode = FALSE
	EndGlobalSection
	GlobalSection(ExtensibilityGlobals) = postSolution
		SolutionGuid = {3B59ED1C-D3E6-4750-91A1-8989B51ED944}
	EndGlobalSection
EndGlobal
